
Microsoft Visual Studio Solution File, Format Version 12.00
# Visual Studio Version 17
VisualStudioVersion = 17.2.32630.192
MinimumVisualStudioVersion = 10.0.40219.1
Project("{8BC9CEB8-8B4A-11D0-8D11-00A0C91BC942}") = "Integer", "Integer\Integer.vcxproj", "{B3C42989-571D-4D14-887E-D70BC13B5B57}"
EndProject
Global
	GlobalSection(SolutionConfigurationPlatforms) = preSolution
		Debug|x64 = Debug|x64
		Debug|x86 = Debug|x86
		Release|x64 = Release|x64
		Release|x86 = Release|x86
	EndGlobalSection
	GlobalSection(ProjectConfigurationPlatforms) = postSolution
		{B3C42989-571D-4D14-887E-D70BC13B5B57}.Debug|x64.ActiveCfg = Debug|x64
		{B3C42989-571D-4D14-887E-D70BC13B5B57}.Debug|x64.Build.0 = Debug|x64
		{B3C42989-571D-4D14-887E-D70BC13B5B57}.Debug|x86.ActiveCfg = Debug|Win32
		{B3C42989-571D-4D14-887E-D70BC13B5B57}.Debug|x86.Build.0 = Debug|Win32
		{B3C42989-571D-4D14-887E-D70BC13B5B57}.Release|x64.ActiveCfg = Release|x64
		{B3C42989-571D-4D14-887E-D70BC13B5B57}.Release|x64.Build.0 = Release|x64
		{B3C42989-571D-4D14-887E-D70BC13B5B57}.Release|x86.ActiveCfg = Release|Win32
		{B3C42989-571D-4D14-887E-D70BC13B5B57}.Release|x86.Build.0 = Release|Win32
	EndGlobalSection
	GlobalSection(SolutionProperties) = preSolution
		HideSolutionNode = FALSE
	EndGlobalSection
	GlobalSection(ExtensibilityGlobals) = postSolution
		SolutionGuid = {60276C5B-E34A-4764-853C-A8C92A9F61EC}
	EndGlobalSection
EndGlobal
