
Microsoft Visual Studio Solution File, Format Version 12.00
# Visual Studio Version 17
VisualStudioVersion = 17.2.32630.192
MinimumVisualStudioVersion = 10.0.40219.1
Project("{8BC9CEB8-8B4A-11D0-8D11-00A0C91BC942}") = "21_string_char-array", "21_string_char-array\21_string_char-array.vcxproj", "{F585DC6A-C78A-409D-8CF2-193CB31960FD}"
EndProject
Global
	GlobalSection(SolutionConfigurationPlatforms) = preSolution
		Debug|x64 = Debug|x64
		Debug|x86 = Debug|x86
		Release|x64 = Release|x64
		Release|x86 = Release|x86
	EndGlobalSection
	GlobalSection(ProjectConfigurationPlatforms) = postSolution
		{F585DC6A-C78A-409D-8CF2-193CB31960FD}.Debug|x64.ActiveCfg = Debug|x64
		{F585DC6A-C78A-409D-8CF2-193CB31960FD}.Debug|x64.Build.0 = Debug|x64
		{F585DC6A-C78A-409D-8CF2-193CB31960FD}.Debug|x86.ActiveCfg = Debug|Win32
		{F585DC6A-C78A-409D-8CF2-193CB31960FD}.Debug|x86.Build.0 = Debug|Win32
		{F585DC6A-C78A-409D-8CF2-193CB31960FD}.Release|x64.ActiveCfg = Release|x64
		{F585DC6A-C78A-409D-8CF2-193CB31960FD}.Release|x64.Build.0 = Release|x64
		{F585DC6A-C78A-409D-8CF2-193CB31960FD}.Release|x86.ActiveCfg = Release|Win32
		{F585DC6A-C78A-409D-8CF2-193CB31960FD}.Release|x86.Build.0 = Release|Win32
	EndGlobalSection
	GlobalSection(SolutionProperties) = preSolution
		HideSolutionNode = FALSE
	EndGlobalSection
	GlobalSection(ExtensibilityGlobals) = postSolution
		SolutionGuid = {2EFDE0A6-9537-477B-871F-E8F9AFC61372}
	EndGlobalSection
EndGlobal
