
Microsoft Visual Studio Solution File, Format Version 12.00
# Visual Studio Version 17
VisualStudioVersion = 17.2.32630.192
MinimumVisualStudioVersion = 10.0.40219.1
Project("{8BC9CEB8-8B4A-11D0-8D11-00A0C91BC942}") = "demo-1", "demo-1\demo-1.vcxproj", "{F5502AFE-6252-4C93-B8DE-0E2A328635A5}"
EndProject
Global
	GlobalSection(SolutionConfigurationPlatforms) = preSolution
		Debug|x64 = Debug|x64
		Debug|x86 = Debug|x86
		Release|x64 = Release|x64
		Release|x86 = Release|x86
	EndGlobalSection
	GlobalSection(ProjectConfigurationPlatforms) = postSolution
		{F5502AFE-6252-4C93-B8DE-0E2A328635A5}.Debug|x64.ActiveCfg = Debug|x64
		{F5502AFE-6252-4C93-B8DE-0E2A328635A5}.Debug|x64.Build.0 = Debug|x64
		{F5502AFE-6252-4C93-B8DE-0E2A328635A5}.Debug|x86.ActiveCfg = Debug|Win32
		{F5502AFE-6252-4C93-B8DE-0E2A328635A5}.Debug|x86.Build.0 = Debug|Win32
		{F5502AFE-6252-4C93-B8DE-0E2A328635A5}.Release|x64.ActiveCfg = Release|x64
		{F5502AFE-6252-4C93-B8DE-0E2A328635A5}.Release|x64.Build.0 = Release|x64
		{F5502AFE-6252-4C93-B8DE-0E2A328635A5}.Release|x86.ActiveCfg = Release|Win32
		{F5502AFE-6252-4C93-B8DE-0E2A328635A5}.Release|x86.Build.0 = Release|Win32
	EndGlobalSection
	GlobalSection(SolutionProperties) = preSolution
		HideSolutionNode = FALSE
	EndGlobalSection
	GlobalSection(ExtensibilityGlobals) = postSolution
		SolutionGuid = {5A48F837-53BE-4C29-BC26-4EEEDA73093E}
	EndGlobalSection
EndGlobal
